
Microsoft Visual Studio Solution File, Format Version 12.00
# Visual Studio Version 16
VisualStudioVersion = 16.0.29326.143
MinimumVisualStudioVersion = 10.0.40219.1
Project("{FAE04EC0-301F-11D3-BF4B-00C04F79EFBC}") = "PengFinancialPortal", "PengFinancialPortal\PengFinancialPortal.csproj", "{A6896CEA-E675-4307-9ED9-2349DD8A512B}"
EndProject
Global
	GlobalSection(SolutionConfigurationPlatforms) = preSolution
		Debug|Any CPU = Debug|Any CPU
		Release|Any CPU = Release|Any CPU
	EndGlobalSection
	GlobalSection(ProjectConfigurationPlatforms) = postSolution
		{A6896CEA-E675-4307-9ED9-2349DD8A512B}.Debug|Any CPU.ActiveCfg = Debug|Any CPU
		{A6896CEA-E675-4307-9ED9-2349DD8A512B}.Debug|Any CPU.Build.0 = Debug|Any CPU
		{A6896CEA-E675-4307-9ED9-2349DD8A512B}.Release|Any CPU.ActiveCfg = Release|Any CPU
		{A6896CEA-E675-4307-9ED9-2349DD8A512B}.Release|Any CPU.Build.0 = Release|Any CPU
	EndGlobalSection
	GlobalSection(SolutionProperties) = preSolution
		HideSolutionNode = FALSE
	EndGlobalSection
	GlobalSection(ExtensibilityGlobals) = postSolution
		SolutionGuid = {9A9FFBC2-547A-45EE-BDED-968F7AC27D2C}
	EndGlobalSection
EndGlobal
